
Microsoft Visual Studio Solution File, Format Version 10.00
# Visual Studio 2008
Project("{8BC9CEB8-8B4A-11D0-8D11-00A0C91BC942}") = "geometry", "geometry\geometry.vcproj", "{15E94B20-98C1-4597-BA1C-1776081FE57E}"
EndProject
Project("{8BC9CEB8-8B4A-11D0-8D11-00A0C91BC942}") = "geometry_tests", "geometry_tests\geometry_tests.vcproj", "{3D2C6A7D-4CC8-4DC3-84B1-DB860AB7F4D0}"
	ProjectSection(ProjectDependencies) = postProject
		{15E94B20-98C1-4597-BA1C-1776081FE57E} = {15E94B20-98C1-4597-BA1C-1776081FE57E}
	EndProjectSection
EndProject
Global
	GlobalSection(SolutionConfigurationPlatforms) = preSolution
		Debug|Win32 = Debug|Win32
		Release|Win32 = Release|Win32
	EndGlobalSection
	GlobalSection(ProjectConfigurationPlatforms) = postSolution
		{15E94B20-98C1-4597-BA1C-1776081FE57E}.Debug|Win32.ActiveCfg = Debug|Win32
		{15E94B20-98C1-4597-BA1C-1776081FE57E}.Debug|Win32.Build.0 = Debug|Win32
		{15E94B20-98C1-4597-BA1C-1776081FE57E}.Release|Win32.ActiveCfg = Release|Win32
		{15E94B20-98C1-4597-BA1C-1776081FE57E}.Release|Win32.Build.0 = Release|Win32
		{3D2C6A7D-4CC8-4DC3-84B1-DB860AB7F4D0}.Debug|Win32.ActiveCfg = Debug|Win32
		{3D2C6A7D-4CC8-4DC3-84B1-DB860AB7F4D0}.Debug|Win32.Build.0 = Debug|Win32
		{3D2C6A7D-4CC8-4DC3-84B1-DB860AB7F4D0}.Release|Win32.ActiveCfg = Release|Win32
		{3D2C6A7D-4CC8-4DC3-84B1-DB860AB7F4D0}.Release|Win32.Build.0 = Release|Win32
	EndGlobalSection
	GlobalSection(SolutionProperties) = preSolution
		HideSolutionNode = FALSE
	EndGlobalSection
EndGlobal
